// !$*UTF8*$!
{
	archiveVersion = 1;
	classes = {
	};
	objectVersion = 46;
	objects = {

/* Begin PBXBuildFile section */
		BCA39CAC1A1470ED00BB1D3F /* main.m in Sources */ = {isa = PBXBuildFile; fileRef = BCA39CAB1A1470ED00BB1D3F /* main.m */; };
		BCA39CAF1A1470ED00BB1D3F /* AppDelegate.m in Sources */ = {isa = PBXBuildFile; fileRef = BCA39CAE1A1470ED00BB1D3F /* AppDelegate.m */; };
		BCA39CB21A1470ED00BB1D3F /* ViewController.m in Sources */ = {isa = PBXBuildFile; fileRef = BCA39CB11A1470ED00BB1D3F /* ViewController.m */; };
		BCA39CB71A1470ED00BB1D3F /* Images.xcassets in Resources */ = {isa = PBXBuildFile; fileRef = BCA39CB61A1470ED00BB1D3F /* Images.xcassets */; };
		BCA39CBA1A1470ED00BB1D3F /* LaunchScreen.xib in Resources */ = {isa = PBXBuildFile; fileRef = BCA39CB81A1470ED00BB1D3F /* LaunchScreen.xib */; };
		BCA39CC61A1470ED00BB1D3F /* abstractionTests.m in Sources */ = {isa = PBXBuildFile; fileRef = BCA39CC51A1470ED00BB1D3F /* abstractionTests.m */; };
		BCA39CD01A1471DC00BB1D3F /* ViewController.xib in Resources */ = {isa = PBXBuildFile; fileRef = BCA39CCF1A1471DC00BB1D3F /* ViewController.xib */; };
		BCA39CD31A14723100BB1D3F /* abstractClassViewController.m in Sources */ = {isa = PBXBuildFile; fileRef = BCA39CD21A14723100BB1D3F /* abstractClassViewController.m */; };
		BCA39CD51A14723F00BB1D3F /* abstractClassViewController.xib in Resources */ = {isa = PBXBuildFile; fileRef = BCA39CD41A14723F00BB1D3F /* abstractClassViewController.xib */; };
		BCA39CD91A14775F00BB1D3F /* Absclas.m in Sources */ = {isa = PBXBuildFile; fileRef = BCA39CD71A14775F00BB1D3F /* Absclas.m */; };
		BCA39CDA1A14775F00BB1D3F /* Absclas.xib in Resources */ = {isa = PBXBuildFile; fileRef = BCA39CD81A14775F00BB1D3F /* Absclas.xib */; };
/* End PBXBuildFile section */

/* Begin PBXContainerItemProxy section */
		BCA39CC01A1470ED00BB1D3F /* PBXContainerItemProxy */ = {
			isa = PBXContainerItemProxy;
			containerPortal = BCA39C9E1A1470ED00BB1D3F /* Project object */;
			proxyType = 1;
			remoteGlobalIDString = BCA39CA51A1470ED00BB1D3F;
			remoteInfo = abstraction;
		};
/* End PBXContainerItemProxy section */

/* Begin PBXFileReference section */
		BCA39CA61A1470ED00BB1D3F /* abstraction.app */ = {isa = PBXFileReference; explicitFileType = wrapper.application; includeInIndex = 0; path = abstraction.app; sourceTree = BUILT_PRODUCTS_DIR; };
		BCA39CAA1A1470ED00BB1D3F /* Info.plist */ = {isa = PBXFileReference; lastKnownFileType = text.plist.xml; path = Info.plist; sourceTree = "<group>"; };
		BCA39CAB1A1470ED00BB1D3F /* main.m */ = {isa = PBXFileReference; lastKnownFileType = sourcecode.c.objc; path = main.m; sourceTree = "<group>"; };
		BCA39CAD1A1470ED00BB1D3F /* AppDelegate.h */ = {isa = PBXFileReference; lastKnownFileType = sourcecode.c.h; path = AppDelegate.h; sourceTree = "<group>"; };
		BCA39CAE1A1470ED00BB1D3F /* AppDelegate.m */ = {isa = PBXFileReference; lastKnownFileType = sourcecode.c.objc; path = AppDelegate.m; sourceTree = "<group>"; };
		BCA39CB01A1470ED00BB1D3F /* ViewController.h */ = {isa = PBXFileReference; lastKnownFileType = sourcecode.c.h; path = ViewController.h; sourceTree = "<group>"; };
		BCA39CB11A1470ED00BB1D3F /* ViewController.m */ = {isa = PBXFileReference; lastKnownFileType = sourcecode.c.objc; path = ViewController.m; sourceTree = "<group>"; };
		BCA39CB61A1470ED00BB1D3F /* Images.xcassets */ = {isa = PBXFileReference; lastKnownFileType = folder.assetcatalog; path = Images.xcassets; sourceTree = "<group>"; };
		BCA39CB91A1470ED00BB1D3F /* Base */ = {isa = PBXFileReference; lastKnownFileType = file.xib; name = Base; path = Base.lproj/LaunchScreen.xib; sourceTree = "<group>"; };
		BCA39CBF1A1470ED00BB1D3F /* abstractionTests.xctest */ = {isa = PBXFileReference; explicitFileType = wrapper.cfbundle; includeInIndex = 0; path = abstractionTests.xctest; sourceTree = BUILT_PRODUCTS_DIR; };
		BCA39CC41A1470ED00BB1D3F /* Info.plist */ = {isa = PBXFileReference; lastKnownFileType = text.plist.xml; path = Info.plist; sourceTree = "<group>"; };
		BCA39CC51A1470ED00BB1D3F /* abstractionTests.m */ = {isa = PBXFileReference; lastKnownFileType = sourcecode.c.objc; path = abstractionTests.m; sourceTree = "<group>"; };
		BCA39CCF1A1471DC00BB1D3F /* ViewController.xib */ = {isa = PBXFileReference; fileEncoding = 4; lastKnownFileType = file.xib; path = ViewController.xib; sourceTree = "<group>"; };
		BCA39CD11A14723100BB1D3F /* abstractClassViewController.h */ = {isa = PBXFileReference; fileEncoding = 4; lastKnownFileType = sourcecode.c.h; path = abstractClassViewController.h; sourceTree = "<group>"; };
		BCA39CD21A14723100BB1D3F /* abstractClassViewController.m */ = {isa = PBXFileReference; fileEncoding = 4; lastKnownFileType = sourcecode.c.objc; path = abstractClassViewController.m; sourceTree = "<group>"; };
		BCA39CD41A14723F00BB1D3F /* abstractClassViewController.xib */ = {isa = PBXFileReference; fileEncoding = 4; lastKnownFileType = file.xib; path = abstractClassViewController.xib; sourceTree = "<group>"; };
		BCA39CD61A14775F00BB1D3F /* Absclas.h */ = {isa = PBXFileReference; fileEncoding = 4; lastKnownFileType = sourcecode.c.h; path = Absclas.h; sourceTree = "<group>"; };
		BCA39CD71A14775F00BB1D3F /* Absclas.m */ = {isa = PBXFileReference; fileEncoding = 4; lastKnownFileType = sourcecode.c.objc; path = Absclas.m; sourceTree = "<group>"; };
		BCA39CD81A14775F00BB1D3F /* Absclas.xib */ = {isa = PBXFileReference; fileEncoding = 4; lastKnownFileType = file.xib; path = Absclas.xib; sourceTree = "<group>"; };
/* End PBXFileReference section */

/* Begin PBXFrameworksBuildPhase section */
		BCA39CA31A1470ED00BB1D3F /* Frameworks */ = {
			isa = PBXFrameworksBuildPhase;
			buildActionMask = 2147483647;
			files = (
			);
			runOnlyForDeploymentPostprocessing = 0;
		};
		BCA39CBC1A1470ED00BB1D3F /* Frameworks */ = {
			isa = PBXFrameworksBuildPhase;
			buildActionMask = 2147483647;
			files = (
			);
			runOnlyForDeploymentPostprocessing = 0;
		};
/* End PBXFrameworksBuildPhase section */

/* Begin PBXGroup section */
		BCA39C9D1A1470ED00BB1D3F = {
			isa = PBXGroup;
			children = (
				BCA39CA81A1470ED00BB1D3F /* abstraction */,
				BCA39CC21A1470ED00BB1D3F /* abstractionTests */,
				BCA39CA71A1470ED00BB1D3F /* Products */,
			);
			sourceTree = "<group>";
		};
		BCA39CA71A1470ED00BB1D3F /* Products */ = {
			isa = PBXGroup;
			children = (
				BCA39CA61A1470ED00BB1D3F /* abstraction.app */,
				BCA39CBF1A1470ED00BB1D3F /* abstractionTests.xctest */,
			);
			name = Products;
			sourceTree = "<group>";
		};
		BCA39CA81A1470ED00BB1D3F /* abstraction */ = {
			isa = PBXGroup;
			children = (
				BCA39CAD1A1470ED00BB1D3F /* AppDelegate.h */,
				BCA39CAE1A1470ED00BB1D3F /* AppDelegate.m */,
				BCA39CB01A1470ED00BB1D3F /* ViewController.h */,
				BCA39CB11A1470ED00BB1D3F /* ViewController.m */,
				BCA39CCF1A1471DC00BB1D3F /* ViewController.xib */,
				BCA39CD11A14723100BB1D3F /* abstractClassViewController.h */,
				BCA39CD21A14723100BB1D3F /* abstractClassViewController.m */,
				BCA39CD61A14775F00BB1D3F /* Absclas.h */,
				BCA39CD71A14775F00BB1D3F /* Absclas.m */,
				BCA39CD81A14775F00BB1D3F /* Absclas.xib */,
				BCA39CD41A14723F00BB1D3F /* abstractClassViewController.xib */,
				BCA39CB61A1470ED00BB1D3F /* Images.xcassets */,
				BCA39CB81A1470ED00BB1D3F /* LaunchScreen.xib */,
				BCA39CA91A1470ED00BB1D3F /* Supporting Files */,
			);
			path = abstraction;
			sourceTree = "<group>";
		};
		BCA39CA91A1470ED00BB1D3F /* Supporting Files */ = {
			isa = PBXGroup;
			children = (
				BCA39CAA1A1470ED00BB1D3F /* Info.plist */,
				BCA39CAB1A1470ED00BB1D3F /* main.m */,
			);
			name = "Supporting Files";
			sourceTree = "<group>";
		};
		BCA39CC21A1470ED00BB1D3F /* abstractionTests */ = {
			isa = PBXGroup;
			children = (
				BCA39CC51A1470ED00BB1D3F /* abstractionTests.m */,
				BCA39CC31A1470ED00BB1D3F /* Supporting Files */,
			);
			path = abstractionTests;
			sourceTree = "<group>";
		};
		BCA39CC31A1470ED00BB1D3F /* Supporting Files */ = {
			isa = PBXGroup;
			children = (
				BCA39CC41A1470ED00BB1D3F /* Info.plist */,
			);
			name = "Supporting Files";
			sourceTree = "<group>";
		};
/* End PBXGroup section */

/* Begin PBXNativeTarget section */
		BCA39CA51A1470ED00BB1D3F /* abstraction */ = {
			isa = PBXNativeTarget;
			buildConfigurationList = BCA39CC91A1470ED00BB1D3F /* Build configuration list for PBXNativeTarget "abstraction" */;
			buildPhases = (
				BCA39CA21A1470ED00BB1D3F /* Sources */,
				BCA39CA31A1470ED00BB1D3F /* Frameworks */,
				BCA39CA41A1470ED00BB1D3F /* Resources */,
			);
			buildRules = (
			);
			dependencies = (
			);
			name = abstraction;
			productName = abstraction;
			productReference = BCA39CA61A1470ED00BB1D3F /* abstraction.app */;
			productType = "com.apple.product-type.application";
		};
		BCA39CBE1A1470ED00BB1D3F /* abstractionTests */ = {
			isa = PBXNativeTarget;
			buildConfigurationList = BCA39CCC1A1470ED00BB1D3F /* Build configuration list for PBXNativeTarget "abstractionTests" */;
			buildPhases = (
				BCA39CBB1A1470ED00BB1D3F /* Sources */,
				BCA39CBC1A1470ED00BB1D3F /* Frameworks */,
				BCA39CBD1A1470ED00BB1D3F /* Resources */,
			);
			buildRules = (
			);
			dependencies = (
				BCA39CC11A1470ED00BB1D3F /* PBXTargetDependency */,
			);
			name = abstractionTests;
			productName = abstractionTests;
			productReference = BCA39CBF1A1470ED00BB1D3F /* abstractionTests.xctest */;
			productType = "com.apple.product-type.bundle.unit-test";
		};
/* End PBXNativeTarget section */

/* Begin PBXProject section */
		BCA39C9E1A1470ED00BB1D3F /* Project object */ = {
			isa = PBXProject;
			attributes = {
				LastUpgradeCheck = 0600;
				ORGANIZATIONNAME = gyana;
				TargetAttributes = {
					BCA39CA51A1470ED00BB1D3F = {
						CreatedOnToolsVersion = 6.0;
					};
					BCA39CBE1A1470ED00BB1D3F = {
						CreatedOnToolsVersion = 6.0;
						TestTargetID = BCA39CA51A1470ED00BB1D3F;
					};
				};
			};
			buildConfigurationList = BCA39CA11A1470ED00BB1D3F /* Build configuration list for PBXProject "abstraction" */;
			compatibilityVersion = "Xcode 3.2";
			developmentRegion = English;
			hasScannedForEncodings = 0;
			knownRegions = (
				en,
				Base,
			);
			mainGroup = BCA39C9D1A1470ED00BB1D3F;
			productRefGroup = BCA39CA71A1470ED00BB1D3F /* Products */;
			projectDirPath = "";
			projectRoot = "";
			targets = (
				BCA39CA51A1470ED00BB1D3F /* abstraction */,
				BCA39CBE1A1470ED00BB1D3F /* abstractionTests */,
			);
		};
/* End PBXProject section */

/* Begin PBXResourcesBuildPhase section */
		BCA39CA41A1470ED00BB1D3F /* Resources */ = {
			isa = PBXResourcesBuildPhase;
			buildActionMask = 2147483647;
			files = (
				BCA39CBA1A1470ED00BB1D3F /* LaunchScreen.xib in Resources */,
				BCA39CD51A14723F00BB1D3F /* abstractClassViewController.xib in Resources */,
				BCA39CD01A1471DC00BB1D3F /* ViewController.xib in Resources */,
				BCA39CDA1A14775F00BB1D3F /* Absclas.xib in Resources */,
				BCA39CB71A1470ED00BB1D3F /* Images.xcassets in Resources */,
			);
			runOnlyForDeploymentPostprocessing = 0;
		};
		BCA39CBD1A1470ED00BB1D3F /* Resources */ = {
			isa = PBXResourcesBuildPhase;
			buildActionMask = 2147483647;
			files = (
			);
			runOnlyForDeploymentPostprocessing = 0;
		};
/* End PBXResourcesBuildPhase section */

/* Begin PBXSourcesBuildPhase section */
		BCA39CA21A1470ED00BB1D3F /* Sources */ = {
			isa = PBXSourcesBuildPhase;
			buildActionMask = 2147483647;
			files = (
				BCA39CB21A1470ED00BB1D3F /* ViewController.m in Sources */,
				BCA39CD31A14723100BB1D3F /* abstractClassViewController.m in Sources */,
				BCA39CD91A14775F00BB1D3F /* Absclas.m in Sources */,
				BCA39CAF1A1470ED00BB1D3F /* AppDelegate.m in Sources */,
				BCA39CAC1A1470ED00BB1D3F /* main.m in Sources */,
			);
			runOnlyForDeploymentPostprocessing = 0;
		};
		BCA39CBB1A1470ED00BB1D3F /* Sources */ = {
			isa = PBXSourcesBuildPhase;
			buildActionMask = 2147483647;
			files = (
				BCA39CC61A1470ED00BB1D3F /* abstractionTests.m in Sources */,
			);
			runOnlyForDeploymentPostprocessing = 0;
		};
/* End PBXSourcesBuildPhase section */

/* Begin PBXTargetDependency section */
		BCA39CC11A1470ED00BB1D3F /* PBXTargetDependency */ = {
			isa = PBXTargetDependency;
			target = BCA39CA51A1470ED00BB1D3F /* abstraction */;
			targetProxy = BCA39CC01A1470ED00BB1D3F /* PBXContainerItemProxy */;
		};
/* End PBXTargetDependency section */

/* Begin PBXVariantGroup section */
		BCA39CB81A1470ED00BB1D3F /* LaunchScreen.xib */ = {
			isa = PBXVariantGroup;
			children = (
				BCA39CB91A1470ED00BB1D3F /* Base */,
			);
			name = LaunchScreen.xib;
			sourceTree = "<group>";
		};
/* End PBXVariantGroup section */

/* Begin XCBuildConfiguration section */
		BCA39CC71A1470ED00BB1D3F /* Debug */ = {
			isa = XCBuildConfiguration;
			buildSettings = {
				ALWAYS_SEARCH_USER_PATHS = NO;
				CLANG_CXX_LANGUAGE_STANDARD = "gnu++0x";
				CLANG_CXX_LIBRARY = "libc++";
				CLANG_ENABLE_MODULES = YES;
				CLANG_ENABLE_OBJC_ARC = YES;
				CLANG_WARN_BOOL_CONVERSION = YES;
				CLANG_WARN_CONSTANT_CONVERSION = YES;
				CLANG_WARN_DIRECT_OBJC_ISA_USAGE = YES_ERROR;
				CLANG_WARN_EMPTY_BODY = YES;
				CLANG_WARN_ENUM_CONVERSION = YES;
				CLANG_WARN_INT_CONVERSION = YES;
				CLANG_WARN_OBJC_ROOT_CLASS = YES_ERROR;
				CLANG_WARN_UNREACHABLE_CODE = YES;
				CLANG_WARN__DUPLICATE_METHOD_MATCH = YES;
				"CODE_SIGN_IDENTITY[sdk=iphoneos*]" = "iPhone Developer";
				COPY_PHASE_STRIP = NO;
				ENABLE_STRICT_OBJC_MSGSEND = YES;
				GCC_C_LANGUAGE_STANDARD = gnu99;
				GCC_DYNAMIC_NO_PIC = NO;
				GCC_OPTIMIZATION_LEVEL = 0;
				GCC_PREPROCESSOR_DEFINITIONS = (
					"DEBUG=1",
					"$(inherited)",
				);
				GCC_SYMBOLS_PRIVATE_EXTERN = NO;
				GCC_WARN_64_TO_32_BIT_CONVERSION = YES;
				GCC_WARN_ABOUT_RETURN_TYPE = YES_ERROR;
				GCC_WARN_UNDECLARED_SELECTOR = YES;
				GCC_WARN_UNINITIALIZED_AUTOS = YES_AGGRESSIVE;
				GCC_WARN_UNUSED_FUNCTION = YES;
				GCC_WARN_UNUSED_VARIABLE = YES;
				IPHONEOS_DEPLOYMENT_TARGET = 8.0;
				MTL_ENABLE_DEBUG_INFO = YES;
				ONLY_ACTIVE_ARCH = YES;
				SDKROOT = iphoneos;
			};
			name = Debug;
		};
		BCA39CC81A1470ED00BB1D3F /* Release */ = {
			isa = XCBuildConfiguration;
			buildSettings = {
				ALWAYS_SEARCH_USER_PATHS = NO;
				CLANG_CXX_LANGUAGE_STANDARD = "gnu++0x";
				CLANG_CXX_LIBRARY = "libc++";
				CLANG_ENABLE_MODULES = YES;
				CLANG_ENABLE_OBJC_ARC = YES;
				CLANG_WARN_BOOL_CONVERSION = YES;
				CLANG_WARN_CONSTANT_CONVERSION = YES;
				CLANG_WARN_DIRECT_OBJC_ISA_USAGE = YES_ERROR;
				CLANG_WARN_EMPTY_BODY = YES;
				CLANG_WARN_ENUM_CONVERSION = YES;
				CLANG_WARN_INT_CONVERSION = YES;
				CLANG_WARN_OBJC_ROOT_CLASS = YES_ERROR;
				CLANG_WARN_UNREACHABLE_CODE = YES;
				CLANG_WARN__DUPLICATE_METHOD_MATCH = YES;
				"CODE_SIGN_IDENTITY[sdk=iphoneos*]" = "iPhone Developer";
				COPY_PHASE_STRIP = YES;
				ENABLE_NS_ASSERTIONS = NO;
				ENABLE_STRICT_OBJC_MSGSEND = YES;
				GCC_C_LANGUAGE_STANDARD = gnu99;
				GCC_WARN_64_TO_32_BIT_CONVERSION = YES;
				GCC_WARN_ABOUT_RETURN_TYPE = YES_ERROR;
				GCC_WARN_UNDECLARED_SELECTOR = YES;
				GCC_WARN_UNINITIALIZED_AUTOS = YES_AGGRESSIVE;
				GCC_WARN_UNUSED_FUNCTION = YES;
				GCC_WARN_UNUSED_VARIABLE = YES;
				IPHONEOS_DEPLOYMENT_TARGET = 8.0;
				MTL_ENABLE_DEBUG_INFO = NO;
				SDKROOT = iphoneos;
				VALIDATE_PRODUCT = YES;
			};
			name = Release;
		};
		BCA39CCA1A1470ED00BB1D3F /* Debug */ = {
			isa = XCBuildConfiguration;
			buildSettings = {
				ASSETCATALOG_COMPILER_APPICON_NAME = AppIcon;
				INFOPLIST_FILE = abstraction/Info.plist;
				LD_RUNPATH_SEARCH_PATHS = "$(inherited) @executable_path/Frameworks";
				PRODUCT_NAME = "$(TARGET_NAME)";
			};
			name = Debug;
		};
		BCA39CCB1A1470ED00BB1D3F /* Release */ = {
			isa = XCBuildConfiguration;
			buildSettings = {
				ASSETCATALOG_COMPILER_APPICON_NAME = AppIcon;
				INFOPLIST_FILE = abstraction/Info.plist;
				LD_RUNPATH_SEARCH_PATHS = "$(inherited) @executable_path/Frameworks";
				PRODUCT_NAME = "$(TARGET_NAME)";
			};
			name = Release;
		};
		BCA39CCD1A1470ED00BB1D3F /* Debug */ = {
			isa = XCBuildConfiguration;
			buildSettings = {
				BUNDLE_LOADER = "$(TEST_HOST)";
				FRAMEWORK_SEARCH_PATHS = (
					"$(SDKROOT)/Developer/Library/Frameworks",
					"$(inherited)",
				);
				GCC_PREPROCESSOR_DEFINITIONS = (
					"DEBUG=1",
					"$(inherited)",
				);
				INFOPLIST_FILE = abstractionTests/Info.plist;
				LD_RUNPATH_SEARCH_PATHS = "$(inherited) @executable_path/Frameworks @loader_path/Frameworks";
				PRODUCT_NAME = "$(TARGET_NAME)";
				TEST_HOST = "$(BUILT_PRODUCTS_DIR)/abstraction.app/abstraction";
			};
			name = Debug;
		};
		BCA39CCE1A1470ED00BB1D3F /* Release */ = {
			isa = XCBuildConfiguration;
			buildSettings = {
				BUNDLE_LOADER = "$(TEST_HOST)";
				FRAMEWORK_SEARCH_PATHS = (
					"$(SDKROOT)/Developer/Library/Frameworks",
					"$(inherited)",
				);
				INFOPLIST_FILE = abstractionTests/Info.plist;
				LD_RUNPATH_SEARCH_PATHS = "$(inherited) @executable_path/Frameworks @loader_path/Frameworks";
				PRODUCT_NAME = "$(TARGET_NAME)";
				TEST_HOST = "$(BUILT_PRODUCTS_DIR)/abstraction.app/abstraction";
			};
			name = Release;
		};
/* End XCBuildConfiguration section */

/* Begin XCConfigurationList section */
		BCA39CA11A1470ED00BB1D3F /* Build configuration list for PBXProject "abstraction" */ = {
			isa = XCConfigurationList;
			buildConfigurations = (
				BCA39CC71A1470ED00BB1D3F /* Debug */,
				BCA39CC81A1470ED00BB1D3F /* Release */,
			);
			defaultConfigurationIsVisible = 0;
			defaultConfigurationName = Release;
		};
		BCA39CC91A1470ED00BB1D3F /* Build configuration list for PBXNativeTarget "abstraction" */ = {
			isa = XCConfigurationList;
			buildConfigurations = (
				BCA39CCA1A1470ED00BB1D3F /* Debug */,
				BCA39CCB1A1470ED00BB1D3F /* Release */,
			);
			defaultConfigurationIsVisible = 0;
		};
		BCA39CCC1A1470ED00BB1D3F /* Build configuration list for PBXNativeTarget "abstractionTests" */ = {
			isa = XCConfigurationList;
			buildConfigurations = (
				BCA39CCD1A1470ED00BB1D3F /* Debug */,
				BCA39CCE1A1470ED00BB1D3F /* Release */,
			);
			defaultConfigurationIsVisible = 0;
		};
/* End XCConfigurationList section */
	};
	rootObject = BCA39C9E1A1470ED00BB1D3F /* Project object */;
}
